
Microsoft Visual Studio Solution File, Format Version 12.00
# Visual Studio Version 17
VisualStudioVersion = 17.14.36705.20 d17.14
MinimumVisualStudioVersion = 10.0.40219.1
Project("{FAE04EC0-301F-11D3-BF4B-00C04F79EFBC}") = "manipulacja-string-w-C#", "manipulacja-string-w-C#\manipulacja-string-w-C#.csproj", "{919032F1-A9E0-4872-8016-9ED761D1829A}"
EndProject
Global
	GlobalSection(SolutionConfigurationPlatforms) = preSolution
		Debug|Any CPU = Debug|Any CPU
		Release|Any CPU = Release|Any CPU
	EndGlobalSection
	GlobalSection(ProjectConfigurationPlatforms) = postSolution
		{919032F1-A9E0-4872-8016-9ED761D1829A}.Debug|Any CPU.ActiveCfg = Debug|Any CPU
		{919032F1-A9E0-4872-8016-9ED761D1829A}.Debug|Any CPU.Build.0 = Debug|Any CPU
		{919032F1-A9E0-4872-8016-9ED761D1829A}.Release|Any CPU.ActiveCfg = Release|Any CPU
		{919032F1-A9E0-4872-8016-9ED761D1829A}.Release|Any CPU.Build.0 = Release|Any CPU
	EndGlobalSection
	GlobalSection(SolutionProperties) = preSolution
		HideSolutionNode = FALSE
	EndGlobalSection
	GlobalSection(ExtensibilityGlobals) = postSolution
		SolutionGuid = {36F65F3F-8EB2-45B6-AD8E-E5E9A2B9111D}
	EndGlobalSection
EndGlobal
